// !$*UTF8*$!
{
	archiveVersion = 1;
	classes = {
	};
	objectVersion = 55;
	objects = {

/* Begin PBXBuildFile section */
		091E9C752AE97A1A0063A282 /* ViewPateintDetailsModel.swift in Sources */ = {isa = PBXBuildFile; fileRef = 091E9C742AE97A1A0063A282 /* ViewPateintDetailsModel.swift */; };
		091E9C772AE97ADE0063A282 /* ViewPatientDetails.swift in Sources */ = {isa = PBXBuildFile; fileRef = 091E9C762AE97ADE0063A282 /* ViewPatientDetails.swift */; };
		092711512B079DC200CF9DD2 /* Results.swift in Sources */ = {isa = PBXBuildFile; fileRef = 092711502B079DC200CF9DD2 /* Results.swift */; };
		092711532B07E91E00CF9DD2 /* AllResults.swift in Sources */ = {isa = PBXBuildFile; fileRef = 092711522B07E91E00CF9DD2 /* AllResults.swift */; };
		092711552B07E9D400CF9DD2 /* ResultCell.swift in Sources */ = {isa = PBXBuildFile; fileRef = 092711542B07E9D400CF9DD2 /* ResultCell.swift */; };
		092A202A2B411E2D00602392 /* BordertextField.swift in Sources */ = {isa = PBXBuildFile; fileRef = 092A20292B411E2D00602392 /* BordertextField.swift */; };
		092A202C2B411E3900602392 /* APIHandler.swift in Sources */ = {isa = PBXBuildFile; fileRef = 092A202B2B411E3900602392 /* APIHandler.swift */; };
		092A202E2B411E4100602392 /* Constant.swift in Sources */ = {isa = PBXBuildFile; fileRef = 092A202D2B411E4100602392 /* Constant.swift */; };
		092A20302B411E4A00602392 /* UIActions.swift in Sources */ = {isa = PBXBuildFile; fileRef = 092A202F2B411E4A00602392 /* UIActions.swift */; };
		092A20322B411E5100602392 /* UserDefault.swift in Sources */ = {isa = PBXBuildFile; fileRef = 092A20312B411E5000602392 /* UserDefault.swift */; };
		092D4D5F2AE9021A00CA7692 /* AddPateint.swift in Sources */ = {isa = PBXBuildFile; fileRef = 092D4D5E2AE9021A00CA7692 /* AddPateint.swift */; };
		092D4D612AE9111600CA7692 /* AddPati_Model.swift in Sources */ = {isa = PBXBuildFile; fileRef = 092D4D602AE9111600CA7692 /* AddPati_Model.swift */; };
		094075FF2B2742850051AE8B /* trashModel.swift in Sources */ = {isa = PBXBuildFile; fileRef = 094075FE2B2742850051AE8B /* trashModel.swift */; };
		094317882AF2BFF800575CC5 /* ques_3_draw.swift in Sources */ = {isa = PBXBuildFile; fileRef = 094317872AF2BFF700575CC5 /* ques_3_draw.swift */; };
		09664F9D2AF0D2340014C994 /* ResultModel.swift in Sources */ = {isa = PBXBuildFile; fileRef = 09664F9C2AF0D2340014C994 /* ResultModel.swift */; };
		097CF7452AEADF6800586854 /* Update_doctor.swift in Sources */ = {isa = PBXBuildFile; fileRef = 097CF7442AEADF6800586854 /* Update_doctor.swift */; };
		09968C2B2B1BD2A4004FFDCB /* UpdateDoctorModel.swift in Sources */ = {isa = PBXBuildFile; fileRef = 09968C2A2B1BD2A4004FFDCB /* UpdateDoctorModel.swift */; };
		0998EFFB2B0FAC0B00390949 /* ViewResultModel.swift in Sources */ = {isa = PBXBuildFile; fileRef = 0998EFFA2B0FAC0B00390949 /* ViewResultModel.swift */; };
		09A2AF172AF1FF93002A4036 /* ques_2_draw.swift in Sources */ = {isa = PBXBuildFile; fileRef = 09A2AF162AF1FF93002A4036 /* ques_2_draw.swift */; };
		09A4E2BC2B1B621300E079A9 /* Graph.swift in Sources */ = {isa = PBXBuildFile; fileRef = 09A4E2BB2B1B621300E079A9 /* Graph.swift */; };
		09A4E2BE2B1B639E00E079A9 /* GraphModel.swift in Sources */ = {isa = PBXBuildFile; fileRef = 09A4E2BD2B1B639E00E079A9 /* GraphModel.swift */; };
		09A5B9072B239D6900B24A63 /* AddComment.swift in Sources */ = {isa = PBXBuildFile; fileRef = 09A5B9062B239D6900B24A63 /* AddComment.swift */; };
		09AC4BBB2B4C5EB8004D1574 /* mri_ImageViewVC.swift in Sources */ = {isa = PBXBuildFile; fileRef = 09AC4BBA2B4C5EB8004D1574 /* mri_ImageViewVC.swift */; };
		09B5FBAE2B0DC581003BCA08 /* Question4Model.swift in Sources */ = {isa = PBXBuildFile; fileRef = 09B5FBAD2B0DC581003BCA08 /* Question4Model.swift */; };
		09B5FBB02B0E5FA9003BCA08 /* Question5Model.swift in Sources */ = {isa = PBXBuildFile; fileRef = 09B5FBAF2B0E5FA9003BCA08 /* Question5Model.swift */; };
		09B93C6E2AEED8F4002CE263 /* profilescell.swift in Sources */ = {isa = PBXBuildFile; fileRef = 09B93C6D2AEED8F4002CE263 /* profilescell.swift */; };
		09B93C702AEF5452002CE263 /* QuestionModel.swift in Sources */ = {isa = PBXBuildFile; fileRef = 09B93C6F2AEF5452002CE263 /* QuestionModel.swift */; };
		09B93C742AEFEB94002CE263 /* ques_4.swift in Sources */ = {isa = PBXBuildFile; fileRef = 09B93C732AEFEB94002CE263 /* ques_4.swift */; };
		09BA40F82B067D2B0030ACC2 /* DeletePatientModel.swift in Sources */ = {isa = PBXBuildFile; fileRef = 09BA40F72B067D2B0030ACC2 /* DeletePatientModel.swift */; };
		09BD196A2B12D5B800FAF6F1 /* UpdatePatient.swift in Sources */ = {isa = PBXBuildFile; fileRef = 09BD19692B12D5B800FAF6F1 /* UpdatePatient.swift */; };
		09CD67CD2B220062000CBB07 /* All_Profiles.swift in Sources */ = {isa = PBXBuildFile; fileRef = 09CD67CC2B220062000CBB07 /* All_Profiles.swift */; };
		09D376802B1C77EE00B6F74B /* menubar.swift in Sources */ = {isa = PBXBuildFile; fileRef = 09D3767F2B1C77EE00B6F74B /* menubar.swift */; };
		09D376822B1C799100B6F74B /* SideMenuViewController.swift in Sources */ = {isa = PBXBuildFile; fileRef = 09D376812B1C799100B6F74B /* SideMenuViewController.swift */; };
		316786842ACE8AFA00B9076A /* AppDelegate.swift in Sources */ = {isa = PBXBuildFile; fileRef = 316786832ACE8AFA00B9076A /* AppDelegate.swift */; };
		316786862ACE8AFA00B9076A /* SceneDelegate.swift in Sources */ = {isa = PBXBuildFile; fileRef = 316786852ACE8AFA00B9076A /* SceneDelegate.swift */; };
		316786882ACE8AFA00B9076A /* ViewController.swift in Sources */ = {isa = PBXBuildFile; fileRef = 316786872ACE8AFA00B9076A /* ViewController.swift */; };
		3167868B2ACE8AFA00B9076A /* Main.storyboard in Resources */ = {isa = PBXBuildFile; fileRef = 316786892ACE8AFA00B9076A /* Main.storyboard */; };
		316786902ACE8AFB00B9076A /* LaunchScreen.storyboard in Resources */ = {isa = PBXBuildFile; fileRef = 3167868E2ACE8AFB00B9076A /* LaunchScreen.storyboard */; };
		316786982ACEA5F400B9076A /* Dashboard.swift in Sources */ = {isa = PBXBuildFile; fileRef = 316786972ACEA5F400B9076A /* Dashboard.swift */; };
		31756BEC2AD1008D0013E3A3 /* Line.swift in Sources */ = {isa = PBXBuildFile; fileRef = 31756BEB2AD1008D0013E3A3 /* Line.swift */; };
		31756BEE2AD100B20013E3A3 /* CanvasView.swift in Sources */ = {isa = PBXBuildFile; fileRef = 31756BED2AD100B20013E3A3 /* CanvasView.swift */; };
		31756BF02AD101A70013E3A3 /* trash1.swift in Sources */ = {isa = PBXBuildFile; fileRef = 31756BEF2AD101A70013E3A3 /* trash1.swift */; };
		31756BF42AD108000013E3A3 /* Doctor_Profile.swift in Sources */ = {isa = PBXBuildFile; fileRef = 31756BF32AD108000013E3A3 /* Doctor_Profile.swift */; };
		317AB3C32AD3B4F300BDCABC /* ques_2.swift in Sources */ = {isa = PBXBuildFile; fileRef = 317AB3C22AD3B4F300BDCABC /* ques_2.swift */; };
		317AB3C92AD3ED4B00BDCABC /* ques_5.swift in Sources */ = {isa = PBXBuildFile; fileRef = 317AB3C82AD3ED4A00BDCABC /* ques_5.swift */; };
		317AB3CB2AD3F50600BDCABC /* ques_6.swift in Sources */ = {isa = PBXBuildFile; fileRef = 317AB3CA2AD3F50600BDCABC /* ques_6.swift */; };
		317AB3CD2AD3F57300BDCABC /* ques_7.swift in Sources */ = {isa = PBXBuildFile; fileRef = 317AB3CC2AD3F57300BDCABC /* ques_7.swift */; };
		317AB3CF2AD3F5B200BDCABC /* ques_8.swift in Sources */ = {isa = PBXBuildFile; fileRef = 317AB3CE2AD3F5B200BDCABC /* ques_8.swift */; };
		317AB3D12AD3F5EA00BDCABC /* ques_9.swift in Sources */ = {isa = PBXBuildFile; fileRef = 317AB3D02AD3F5EA00BDCABC /* ques_9.swift */; };
		317AB3D32AD3F61700BDCABC /* ques_10.swift in Sources */ = {isa = PBXBuildFile; fileRef = 317AB3D22AD3F61700BDCABC /* ques_10.swift */; };
		3D4247CD2AD5B37F0012D3DD /* About.swift in Sources */ = {isa = PBXBuildFile; fileRef = 3D4247CC2AD5B37F0012D3DD /* About.swift */; };
		3D4247CF2AD5B3AC0012D3DD /* topics.swift in Sources */ = {isa = PBXBuildFile; fileRef = 3D4247CE2AD5B3AC0012D3DD /* topics.swift */; };
		3DD4244E2AD8669200931F49 /* Patient_info.swift in Sources */ = {isa = PBXBuildFile; fileRef = 3DD4244D2AD8669200931F49 /* Patient_info.swift */; };
		3DFE02812AD2EC070012AE88 /* ques_1.swift in Sources */ = {isa = PBXBuildFile; fileRef = 3DFE02802AD2EC070012AE88 /* ques_1.swift */; };
		5460ECE246E8F1ED82004165 /* Pods_MOCA.framework in Frameworks */ = {isa = PBXBuildFile; fileRef = D92C5A713CEDB119D7FB3A64 /* Pods_MOCA.framework */; };
		B71EA9392AEA222D0019D5ED /* PatientInfoModel.swift in Sources */ = {isa = PBXBuildFile; fileRef = B71EA9382AEA222D0019D5ED /* PatientInfoModel.swift */; };
		B71EA93B2AEA3D3B0019D5ED /* DoctorProfileModel.swift in Sources */ = {isa = PBXBuildFile; fileRef = B71EA93A2AEA3D3B0019D5ED /* DoctorProfileModel.swift */; };
		B7679BBE2AE22D2C004FE586 /* LoginModel.swift in Sources */ = {isa = PBXBuildFile; fileRef = B7679BBD2AE22D2C004FE586 /* LoginModel.swift */; };
		B7679BCC2AE2389E004FE586 /* DashboardModel.swift in Sources */ = {isa = PBXBuildFile; fileRef = B7679BCB2AE2389E004FE586 /* DashboardModel.swift */; };
		B7679BD02AE2700C004FE586 /* UpdatepatientsModel.swift in Sources */ = {isa = PBXBuildFile; fileRef = B7679BCF2AE2700C004FE586 /* UpdatepatientsModel.swift */; };
		B76803722AD7B934002CC19B /* cells.swift in Sources */ = {isa = PBXBuildFile; fileRef = B76803712AD7B934002CC19B /* cells.swift */; };
		B76803742AD7C532002CC19B /* ceil.swift in Sources */ = {isa = PBXBuildFile; fileRef = B76803732AD7C532002CC19B /* ceil.swift */; };
		B920F3CD2B7C88FF00E8E057 /* UIView.swift in Sources */ = {isa = PBXBuildFile; fileRef = B920F3CC2B7C88FF00E8E057 /* UIView.swift */; };
		B99F3ACF2B960845000CF894 /* t_ques_1.swift in Sources */ = {isa = PBXBuildFile; fileRef = B99F3ACE2B960845000CF894 /* t_ques_1.swift */; };
		B99F3AD12B960D07000CF894 /* t_ques_2_draw.swift in Sources */ = {isa = PBXBuildFile; fileRef = B99F3AD02B960D06000CF894 /* t_ques_2_draw.swift */; };
		B99F3AD32B960EA6000CF894 /* t_ques_3_draw.swift in Sources */ = {isa = PBXBuildFile; fileRef = B99F3AD22B960EA5000CF894 /* t_ques_3_draw.swift */; };
		B99F3AD52B961432000CF894 /* t_ques_4.swift in Sources */ = {isa = PBXBuildFile; fileRef = B99F3AD42B961432000CF894 /* t_ques_4.swift */; };
		B99F3AD72B9616CE000CF894 /* t_ques_5.swift in Sources */ = {isa = PBXBuildFile; fileRef = B99F3AD62B9616CE000CF894 /* t_ques_5.swift */; };
		B99F3AD92B961942000CF894 /* t_ques_6.swift in Sources */ = {isa = PBXBuildFile; fileRef = B99F3AD82B961942000CF894 /* t_ques_6.swift */; };
		B99F3ADB2B961A79000CF894 /* t_ques_7.swift in Sources */ = {isa = PBXBuildFile; fileRef = B99F3ADA2B961A79000CF894 /* t_ques_7.swift */; };
		B99F3ADD2B961C5B000CF894 /* t_ques_8.swift in Sources */ = {isa = PBXBuildFile; fileRef = B99F3ADC2B961C5B000CF894 /* t_ques_8.swift */; };
		B99F3ADF2B962F35000CF894 /* t_ques_9.swift in Sources */ = {isa = PBXBuildFile; fileRef = B99F3ADE2B962F35000CF894 /* t_ques_9.swift */; };
		B99F3AE12B963194000CF894 /* t_ques_10.swift in Sources */ = {isa = PBXBuildFile; fileRef = B99F3AE02B963194000CF894 /* t_ques_10.swift */; };
		B99F3AE32B963539000CF894 /* LanguageVC.swift in Sources */ = {isa = PBXBuildFile; fileRef = B99F3AE22B963539000CF894 /* LanguageVC.swift */; };
		B9B15EE32BE885130073929B /* Assets.xcassets in Resources */ = {isa = PBXBuildFile; fileRef = B9B15EE22BE885130073929B /* Assets.xcassets */; };
		B9E597B92BE7E52D00FC1EA5 /* t1.swift in Sources */ = {isa = PBXBuildFile; fileRef = B9E597B82BE7E52D00FC1EA5 /* t1.swift */; };
/* End PBXBuildFile section */

/* Begin PBXFileReference section */
		091E9C742AE97A1A0063A282 /* ViewPateintDetailsModel.swift */ = {isa = PBXFileReference; lastKnownFileType = sourcecode.swift; path = ViewPateintDetailsModel.swift; sourceTree = "<group>"; };
		091E9C762AE97ADE0063A282 /* ViewPatientDetails.swift */ = {isa = PBXFileReference; lastKnownFileType = sourcecode.swift; path = ViewPatientDetails.swift; sourceTree = "<group>"; };
		092711502B079DC200CF9DD2 /* Results.swift */ = {isa = PBXFileReference; lastKnownFileType = sourcecode.swift; path = Results.swift; sourceTree = "<group>"; };
		092711522B07E91E00CF9DD2 /* AllResults.swift */ = {isa = PBXFileReference; lastKnownFileType = sourcecode.swift; path = AllResults.swift; sourceTree = "<group>"; };
		092711542B07E9D400CF9DD2 /* ResultCell.swift */ = {isa = PBXFileReference; lastKnownFileType = sourcecode.swift; path = ResultCell.swift; sourceTree = "<group>"; };
		092A20292B411E2D00602392 /* BordertextField.swift */ = {isa = PBXFileReference; fileEncoding = 4; lastKnownFileType = sourcecode.swift; path = BordertextField.swift; sourceTree = "<group>"; };
		092A202B2B411E3900602392 /* APIHandler.swift */ = {isa = PBXFileReference; fileEncoding = 4; lastKnownFileType = sourcecode.swift; path = APIHandler.swift; sourceTree = "<group>"; };
		092A202D2B411E4100602392 /* Constant.swift */ = {isa = PBXFileReference; fileEncoding = 4; lastKnownFileType = sourcecode.swift; path = Constant.swift; sourceTree = "<group>"; };
		092A202F2B411E4A00602392 /* UIActions.swift */ = {isa = PBXFileReference; fileEncoding = 4; lastKnownFileType = sourcecode.swift; path = UIActions.swift; sourceTree = "<group>"; };
		092A20312B411E5000602392 /* UserDefault.swift */ = {isa = PBXFileReference; fileEncoding = 4; lastKnownFileType = sourcecode.swift; path = UserDefault.swift; sourceTree = "<group>"; };
		092D4D5E2AE9021A00CA7692 /* AddPateint.swift */ = {isa = PBXFileReference; lastKnownFileType = sourcecode.swift; path = AddPateint.swift; sourceTree = "<group>"; };
		092D4D602AE9111600CA7692 /* AddPati_Model.swift */ = {isa = PBXFileReference; lastKnownFileType = sourcecode.swift; path = AddPati_Model.swift; sourceTree = "<group>"; };
		094075FE2B2742850051AE8B /* trashModel.swift */ = {isa = PBXFileReference; lastKnownFileType = sourcecode.swift; path = trashModel.swift; sourceTree = "<group>"; };
		094317872AF2BFF700575CC5 /* ques_3_draw.swift */ = {isa = PBXFileReference; lastKnownFileType = sourcecode.swift; path = ques_3_draw.swift; sourceTree = "<group>"; };
		09664F9C2AF0D2340014C994 /* ResultModel.swift */ = {isa = PBXFileReference; lastKnownFileType = sourcecode.swift; path = ResultModel.swift; sourceTree = "<group>"; };
		097CF7442AEADF6800586854 /* Update_doctor.swift */ = {isa = PBXFileReference; lastKnownFileType = sourcecode.swift; path = Update_doctor.swift; sourceTree = "<group>"; };
		09968C2A2B1BD2A4004FFDCB /* UpdateDoctorModel.swift */ = {isa = PBXFileReference; lastKnownFileType = sourcecode.swift; path = UpdateDoctorModel.swift; sourceTree = "<group>"; };
		0998EFFA2B0FAC0B00390949 /* ViewResultModel.swift */ = {isa = PBXFileReference; lastKnownFileType = sourcecode.swift; path = ViewResultModel.swift; sourceTree = "<group>"; };
		09A2AF162AF1FF93002A4036 /* ques_2_draw.swift */ = {isa = PBXFileReference; lastKnownFileType = sourcecode.swift; path = ques_2_draw.swift; sourceTree = "<group>"; };
		09A4E2BB2B1B621300E079A9 /* Graph.swift */ = {isa = PBXFileReference; lastKnownFileType = sourcecode.swift; path = Graph.swift; sourceTree = "<group>"; };
		09A4E2BD2B1B639E00E079A9 /* GraphModel.swift */ = {isa = PBXFileReference; lastKnownFileType = sourcecode.swift; path = GraphModel.swift; sourceTree = "<group>"; };
		09A5B9062B239D6900B24A63 /* AddComment.swift */ = {isa = PBXFileReference; lastKnownFileType = sourcecode.swift; path = AddComment.swift; sourceTree = "<group>"; };
		09AC4BBA2B4C5EB8004D1574 /* mri_ImageViewVC.swift */ = {isa = PBXFileReference; lastKnownFileType = sourcecode.swift; path = mri_ImageViewVC.swift; sourceTree = "<group>"; };
		09B5FBAD2B0DC581003BCA08 /* Question4Model.swift */ = {isa = PBXFileReference; lastKnownFileType = sourcecode.swift; path = Question4Model.swift; sourceTree = "<group>"; };
		09B5FBAF2B0E5FA9003BCA08 /* Question5Model.swift */ = {isa = PBXFileReference; lastKnownFileType = sourcecode.swift; path = Question5Model.swift; sourceTree = "<group>"; };
		09B93C6D2AEED8F4002CE263 /* profilescell.swift */ = {isa = PBXFileReference; lastKnownFileType = sourcecode.swift; path = profilescell.swift; sourceTree = "<group>"; };
		09B93C6F2AEF5452002CE263 /* QuestionModel.swift */ = {isa = PBXFileReference; lastKnownFileType = sourcecode.swift; path = QuestionModel.swift; sourceTree = "<group>"; };
		09B93C732AEFEB94002CE263 /* ques_4.swift */ = {isa = PBXFileReference; lastKnownFileType = sourcecode.swift; path = ques_4.swift; sourceTree = "<group>"; };
		09BA40F72B067D2B0030ACC2 /* DeletePatientModel.swift */ = {isa = PBXFileReference; lastKnownFileType = sourcecode.swift; path = DeletePatientModel.swift; sourceTree = "<group>"; };
		09BD19692B12D5B800FAF6F1 /* UpdatePatient.swift */ = {isa = PBXFileReference; lastKnownFileType = sourcecode.swift; path = UpdatePatient.swift; sourceTree = "<group>"; };
		09CD67CC2B220062000CBB07 /* All_Profiles.swift */ = {isa = PBXFileReference; lastKnownFileType = sourcecode.swift; path = All_Profiles.swift; sourceTree = "<group>"; };
		09D3767F2B1C77EE00B6F74B /* menubar.swift */ = {isa = PBXFileReference; lastKnownFileType = sourcecode.swift; path = menubar.swift; sourceTree = "<group>"; };
		09D376812B1C799100B6F74B /* SideMenuViewController.swift */ = {isa = PBXFileReference; lastKnownFileType = sourcecode.swift; path = SideMenuViewController.swift; sourceTree = "<group>"; };
		316786802ACE8AFA00B9076A /* MOCA.app */ = {isa = PBXFileReference; explicitFileType = wrapper.application; includeInIndex = 0; path = MOCA.app; sourceTree = BUILT_PRODUCTS_DIR; };
		316786832ACE8AFA00B9076A /* AppDelegate.swift */ = {isa = PBXFileReference; lastKnownFileType = sourcecode.swift; path = AppDelegate.swift; sourceTree = "<group>"; };
		316786852ACE8AFA00B9076A /* SceneDelegate.swift */ = {isa = PBXFileReference; lastKnownFileType = sourcecode.swift; path = SceneDelegate.swift; sourceTree = "<group>"; };
		316786872ACE8AFA00B9076A /* ViewController.swift */ = {isa = PBXFileReference; lastKnownFileType = sourcecode.swift; path = ViewController.swift; sourceTree = "<group>"; };
		3167868A2ACE8AFA00B9076A /* Base */ = {isa = PBXFileReference; lastKnownFileType = file.storyboard; name = Base; path = Base.lproj/Main.storyboard; sourceTree = "<group>"; };
		3167868F2ACE8AFB00B9076A /* Base */ = {isa = PBXFileReference; lastKnownFileType = file.storyboard; name = Base; path = Base.lproj/LaunchScreen.storyboard; sourceTree = "<group>"; };
		316786912ACE8AFB00B9076A /* Info.plist */ = {isa = PBXFileReference; lastKnownFileType = text.plist.xml; path = Info.plist; sourceTree = "<group>"; };
		316786972ACEA5F400B9076A /* Dashboard.swift */ = {isa = PBXFileReference; lastKnownFileType = sourcecode.swift; path = Dashboard.swift; sourceTree = "<group>"; };
		31756BEB2AD1008D0013E3A3 /* Line.swift */ = {isa = PBXFileReference; lastKnownFileType = sourcecode.swift; path = Line.swift; sourceTree = "<group>"; };
		31756BED2AD100B20013E3A3 /* CanvasView.swift */ = {isa = PBXFileReference; lastKnownFileType = sourcecode.swift; path = CanvasView.swift; sourceTree = "<group>"; };
		31756BEF2AD101A70013E3A3 /* trash1.swift */ = {isa = PBXFileReference; lastKnownFileType = sourcecode.swift; path = trash1.swift; sourceTree = "<group>"; };
		31756BF32AD108000013E3A3 /* Doctor_Profile.swift */ = {isa = PBXFileReference; lastKnownFileType = sourcecode.swift; path = Doctor_Profile.swift; sourceTree = "<group>"; };
		317AB3C22AD3B4F300BDCABC /* ques_2.swift */ = {isa = PBXFileReference; lastKnownFileType = sourcecode.swift; path = ques_2.swift; sourceTree = "<group>"; };
		317AB3C82AD3ED4A00BDCABC /* ques_5.swift */ = {isa = PBXFileReference; lastKnownFileType = sourcecode.swift; path = ques_5.swift; sourceTree = "<group>"; };
		317AB3CA2AD3F50600BDCABC /* ques_6.swift */ = {isa = PBXFileReference; lastKnownFileType = sourcecode.swift; path = ques_6.swift; sourceTree = "<group>"; };
		317AB3CC2AD3F57300BDCABC /* ques_7.swift */ = {isa = PBXFileReference; lastKnownFileType = sourcecode.swift; path = ques_7.swift; sourceTree = "<group>"; };
		317AB3CE2AD3F5B200BDCABC /* ques_8.swift */ = {isa = PBXFileReference; lastKnownFileType = sourcecode.swift; path = ques_8.swift; sourceTree = "<group>"; };
		317AB3D02AD3F5EA00BDCABC /* ques_9.swift */ = {isa = PBXFileReference; lastKnownFileType = sourcecode.swift; path = ques_9.swift; sourceTree = "<group>"; };
		317AB3D22AD3F61700BDCABC /* ques_10.swift */ = {isa = PBXFileReference; lastKnownFileType = sourcecode.swift; path = ques_10.swift; sourceTree = "<group>"; };
		3D4247CC2AD5B37F0012D3DD /* About.swift */ = {isa = PBXFileReference; lastKnownFileType = sourcecode.swift; path = About.swift; sourceTree = "<group>"; };
		3D4247CE2AD5B3AC0012D3DD /* topics.swift */ = {isa = PBXFileReference; lastKnownFileType = sourcecode.swift; path = topics.swift; sourceTree = "<group>"; };
		3DD4244D2AD8669200931F49 /* Patient_info.swift */ = {isa = PBXFileReference; lastKnownFileType = sourcecode.swift; path = Patient_info.swift; sourceTree = "<group>"; };
		3DFE02802AD2EC070012AE88 /* ques_1.swift */ = {isa = PBXFileReference; lastKnownFileType = sourcecode.swift; path = ques_1.swift; sourceTree = "<group>"; };
		B71EA9382AEA222D0019D5ED /* PatientInfoModel.swift */ = {isa = PBXFileReference; lastKnownFileType = sourcecode.swift; path = PatientInfoModel.swift; sourceTree = "<group>"; };
		B71EA93A2AEA3D3B0019D5ED /* DoctorProfileModel.swift */ = {isa = PBXFileReference; lastKnownFileType = sourcecode.swift; path = DoctorProfileModel.swift; sourceTree = "<group>"; };
		B7679BBD2AE22D2C004FE586 /* LoginModel.swift */ = {isa = PBXFileReference; lastKnownFileType = sourcecode.swift; path = LoginModel.swift; sourceTree = "<group>"; };
		B7679BCB2AE2389E004FE586 /* DashboardModel.swift */ = {isa = PBXFileReference; lastKnownFileType = sourcecode.swift; path = DashboardModel.swift; sourceTree = "<group>"; };
		B7679BCF2AE2700C004FE586 /* UpdatepatientsModel.swift */ = {isa = PBXFileReference; lastKnownFileType = sourcecode.swift; path = UpdatepatientsModel.swift; sourceTree = "<group>"; };
		B76803712AD7B934002CC19B /* cells.swift */ = {isa = PBXFileReference; lastKnownFileType = sourcecode.swift; path = cells.swift; sourceTree = "<group>"; };
		B76803732AD7C532002CC19B /* ceil.swift */ = {isa = PBXFileReference; lastKnownFileType = sourcecode.swift; path = ceil.swift; sourceTree = "<group>"; };
		B920F3CC2B7C88FF00E8E057 /* UIView.swift */ = {isa = PBXFileReference; fileEncoding = 4; lastKnownFileType = sourcecode.swift; path = UIView.swift; sourceTree = "<group>"; };
		B99F3ACE2B960845000CF894 /* t_ques_1.swift */ = {isa = PBXFileReference; lastKnownFileType = sourcecode.swift; path = t_ques_1.swift; sourceTree = "<group>"; };
		B99F3AD02B960D06000CF894 /* t_ques_2_draw.swift */ = {isa = PBXFileReference; lastKnownFileType = sourcecode.swift; path = t_ques_2_draw.swift; sourceTree = "<group>"; };
		B99F3AD22B960EA5000CF894 /* t_ques_3_draw.swift */ = {isa = PBXFileReference; lastKnownFileType = sourcecode.swift; path = t_ques_3_draw.swift; sourceTree = "<group>"; };
		B99F3AD42B961432000CF894 /* t_ques_4.swift */ = {isa = PBXFileReference; lastKnownFileType = sourcecode.swift; path = t_ques_4.swift; sourceTree = "<group>"; };
		B99F3AD62B9616CE000CF894 /* t_ques_5.swift */ = {isa = PBXFileReference; lastKnownFileType = sourcecode.swift; path = t_ques_5.swift; sourceTree = "<group>"; };
		B99F3AD82B961942000CF894 /* t_ques_6.swift */ = {isa = PBXFileReference; lastKnownFileType = sourcecode.swift; path = t_ques_6.swift; sourceTree = "<group>"; };
		B99F3ADA2B961A79000CF894 /* t_ques_7.swift */ = {isa = PBXFileReference; lastKnownFileType = sourcecode.swift; path = t_ques_7.swift; sourceTree = "<group>"; };
		B99F3ADC2B961C5B000CF894 /* t_ques_8.swift */ = {isa = PBXFileReference; lastKnownFileType = sourcecode.swift; path = t_ques_8.swift; sourceTree = "<group>"; };
		B99F3ADE2B962F35000CF894 /* t_ques_9.swift */ = {isa = PBXFileReference; lastKnownFileType = sourcecode.swift; path = t_ques_9.swift; sourceTree = "<group>"; };
		B99F3AE02B963194000CF894 /* t_ques_10.swift */ = {isa = PBXFileReference; lastKnownFileType = sourcecode.swift; path = t_ques_10.swift; sourceTree = "<group>"; };
		B99F3AE22B963539000CF894 /* LanguageVC.swift */ = {isa = PBXFileReference; lastKnownFileType = sourcecode.swift; path = LanguageVC.swift; sourceTree = "<group>"; };
		B9B15EE22BE885130073929B /* Assets.xcassets */ = {isa = PBXFileReference; lastKnownFileType = folder.assetcatalog; path = Assets.xcassets; sourceTree = "<group>"; };
		B9E597B82BE7E52D00FC1EA5 /* t1.swift */ = {isa = PBXFileReference; lastKnownFileType = sourcecode.swift; path = t1.swift; sourceTree = "<group>"; };
		C5F54AF3F9A8A5AA30F1F6C4 /* Pods-MOCA.debug.xcconfig */ = {isa = PBXFileReference; includeInIndex = 1; lastKnownFileType = text.xcconfig; name = "Pods-MOCA.debug.xcconfig"; path = "Target Support Files/Pods-MOCA/Pods-MOCA.debug.xcconfig"; sourceTree = "<group>"; };
		CBD8869DB78008AE0EC122B2 /* Pods-MOCA.release.xcconfig */ = {isa = PBXFileReference; includeInIndex = 1; lastKnownFileType = text.xcconfig; name = "Pods-MOCA.release.xcconfig"; path = "Target Support Files/Pods-MOCA/Pods-MOCA.release.xcconfig"; sourceTree = "<group>"; };
		D92C5A713CEDB119D7FB3A64 /* Pods_MOCA.framework */ = {isa = PBXFileReference; explicitFileType = wrapper.framework; includeInIndex = 0; path = Pods_MOCA.framework; sourceTree = BUILT_PRODUCTS_DIR; };
/* End PBXFileReference section */

/* Begin PBXFrameworksBuildPhase section */
		3167867D2ACE8AFA00B9076A /* Frameworks */ = {
			isa = PBXFrameworksBuildPhase;
			buildActionMask = 2147483647;
			files = (
				5460ECE246E8F1ED82004165 /* Pods_MOCA.framework in Frameworks */,
			);
			runOnlyForDeploymentPostprocessing = 0;
		};
/* End PBXFrameworksBuildPhase section */

/* Begin PBXGroup section */
		0905E7302AF169ED00C86EF6 /* Ques */ = {
			isa = PBXGroup;
			children = (
				31756BEF2AD101A70013E3A3 /* trash1.swift */,
				317AB3C22AD3B4F300BDCABC /* ques_2.swift */,
				31756BEB2AD1008D0013E3A3 /* Line.swift */,
				31756BED2AD100B20013E3A3 /* CanvasView.swift */,
				317AB3D22AD3F61700BDCABC /* ques_10.swift */,
				317AB3D02AD3F5EA00BDCABC /* ques_9.swift */,
				317AB3CE2AD3F5B200BDCABC /* ques_8.swift */,
				317AB3CC2AD3F57300BDCABC /* ques_7.swift */,
				317AB3CA2AD3F50600BDCABC /* ques_6.swift */,
				317AB3C82AD3ED4A00BDCABC /* ques_5.swift */,
				09B93C732AEFEB94002CE263 /* ques_4.swift */,
				094317872AF2BFF700575CC5 /* ques_3_draw.swift */,
				09A2AF162AF1FF93002A4036 /* ques_2_draw.swift */,
				3DFE02802AD2EC070012AE88 /* ques_1.swift */,
			);
			path = Ques;
			sourceTree = "<group>";
		};
		0905E7322AF16A4E00C86EF6 /* Doctor */ = {
			isa = PBXGroup;
			children = (
				097CF7442AEADF6800586854 /* Update_doctor.swift */,
				31756BF32AD108000013E3A3 /* Doctor_Profile.swift */,
			);
			path = Doctor;
			sourceTree = "<group>";
		};
		0905E7332AF16D3E00C86EF6 /* Todo */ = {
			isa = PBXGroup;
			children = (
				3D4247CE2AD5B3AC0012D3DD /* topics.swift */,
				3D4247CC2AD5B37F0012D3DD /* About.swift */,
			);
			path = Todo;
			sourceTree = "<group>";
		};
		0927114C2B071C9D00CF9DD2 /* cells */ = {
			isa = PBXGroup;
			children = (
				09B93C6D2AEED8F4002CE263 /* profilescell.swift */,
				B76803732AD7C532002CC19B /* ceil.swift */,
				092711542B07E9D400CF9DD2 /* ResultCell.swift */,
				B76803712AD7B934002CC19B /* cells.swift */,
			);
			path = cells;
			sourceTree = "<group>";
		};
		094076002B2789C10051AE8B /* Patient */ = {
			isa = PBXGroup;
			children = (
				09BD19692B12D5B800FAF6F1 /* UpdatePatient.swift */,
				09CD67CC2B220062000CBB07 /* All_Profiles.swift */,
				3DD4244D2AD8669200931F49 /* Patient_info.swift */,
				091E9C762AE97ADE0063A282 /* ViewPatientDetails.swift */,
				092D4D5E2AE9021A00CA7692 /* AddPateint.swift */,
				09AC4BBA2B4C5EB8004D1574 /* mri_ImageViewVC.swift */,
			);
			path = Patient;
			sourceTree = "<group>";
		};
		094076012B278A5C0051AE8B /* Result */ = {
			isa = PBXGroup;
			children = (
				092711502B079DC200CF9DD2 /* Results.swift */,
				09A4E2BB2B1B621300E079A9 /* Graph.swift */,
				092711522B07E91E00CF9DD2 /* AllResults.swift */,
			);
			path = Result;
			sourceTree = "<group>";
		};
		094076022B278A830051AE8B /* Login */ = {
			isa = PBXGroup;
			children = (
				316786872ACE8AFA00B9076A /* ViewController.swift */,
			);
			path = Login;
			sourceTree = "<group>";
		};
		094076032B278AB30051AE8B /* Dashboard */ = {
			isa = PBXGroup;
			children = (
				316786972ACEA5F400B9076A /* Dashboard.swift */,
				09D376812B1C799100B6F74B /* SideMenuViewController.swift */,
				09D3767F2B1C77EE00B6F74B /* menubar.swift */,
			);
			path = Dashboard;
			sourceTree = "<group>";
		};
		316786772ACE8AFA00B9076A = {
			isa = PBXGroup;
			children = (
				B9E597B82BE7E52D00FC1EA5 /* t1.swift */,
				B99F3AE22B963539000CF894 /* LanguageVC.swift */,
				B99F3AE02B963194000CF894 /* t_ques_10.swift */,
				B99F3ADE2B962F35000CF894 /* t_ques_9.swift */,
				B99F3ADC2B961C5B000CF894 /* t_ques_8.swift */,
				B99F3ADA2B961A79000CF894 /* t_ques_7.swift */,
				B99F3AD82B961942000CF894 /* t_ques_6.swift */,
				B99F3AD62B9616CE000CF894 /* t_ques_5.swift */,
				B99F3AD42B961432000CF894 /* t_ques_4.swift */,
				B99F3AD22B960EA5000CF894 /* t_ques_3_draw.swift */,
				B99F3AD02B960D06000CF894 /* t_ques_2_draw.swift */,
				B99F3ACE2B960845000CF894 /* t_ques_1.swift */,
				B920F3CC2B7C88FF00E8E057 /* UIView.swift */,
				316786822ACE8AFA00B9076A /* MOCA */,
				316786812ACE8AFA00B9076A /* Products */,
				38693E3591B41EFC80FFECB5 /* Pods */,
				ABF1B63595500F4C4442BE92 /* Frameworks */,
			);
			sourceTree = "<group>";
		};
		316786812ACE8AFA00B9076A /* Products */ = {
			isa = PBXGroup;
			children = (
				316786802ACE8AFA00B9076A /* MOCA.app */,
			);
			name = Products;
			sourceTree = "<group>";
		};
		316786822ACE8AFA00B9076A /* MOCA */ = {
			isa = PBXGroup;
			children = (
				094076032B278AB30051AE8B /* Dashboard */,
				094076022B278A830051AE8B /* Login */,
				094076012B278A5C0051AE8B /* Result */,
				094076002B2789C10051AE8B /* Patient */,
				0905E7322AF16A4E00C86EF6 /* Doctor */,
				0905E7302AF169ED00C86EF6 /* Ques */,
				B7679BB72AE22C41004FE586 /* Supporting Files */,
				0905E7332AF16D3E00C86EF6 /* Todo */,
				B7679BBC2AE22C7A004FE586 /* Model */,
				0927114C2B071C9D00CF9DD2 /* cells */,
				B7679BB92AE22C54004FE586 /* View */,
				3167868E2ACE8AFB00B9076A /* LaunchScreen.storyboard */,
				B9B15EE22BE885130073929B /* Assets.xcassets */,
				316786912ACE8AFB00B9076A /* Info.plist */,
			);
			path = MOCA;
			sourceTree = "<group>";
		};
		38693E3591B41EFC80FFECB5 /* Pods */ = {
			isa = PBXGroup;
			children = (
				C5F54AF3F9A8A5AA30F1F6C4 /* Pods-MOCA.debug.xcconfig */,
				CBD8869DB78008AE0EC122B2 /* Pods-MOCA.release.xcconfig */,
			);
			path = Pods;
			sourceTree = "<group>";
		};
		ABF1B63595500F4C4442BE92 /* Frameworks */ = {
			isa = PBXGroup;
			children = (
				D92C5A713CEDB119D7FB3A64 /* Pods_MOCA.framework */,
			);
			name = Frameworks;
			sourceTree = "<group>";
		};
		B7679BB72AE22C41004FE586 /* Supporting Files */ = {
			isa = PBXGroup;
			children = (
				092A202B2B411E3900602392 /* APIHandler.swift */,
				092A20292B411E2D00602392 /* BordertextField.swift */,
				092A202D2B411E4100602392 /* Constant.swift */,
				092A202F2B411E4A00602392 /* UIActions.swift */,
				092A20312B411E5000602392 /* UserDefault.swift */,
				316786832ACE8AFA00B9076A /* AppDelegate.swift */,
				316786852ACE8AFA00B9076A /* SceneDelegate.swift */,
			);
			path = "Supporting Files";
			sourceTree = "<group>";
		};
		B7679BB92AE22C54004FE586 /* View */ = {
			isa = PBXGroup;
			children = (
				316786892ACE8AFA00B9076A /* Main.storyboard */,
			);
			path = View;
			sourceTree = "<group>";
		};
		B7679BBC2AE22C7A004FE586 /* Model */ = {
			isa = PBXGroup;
			children = (
				B7679BBD2AE22D2C004FE586 /* LoginModel.swift */,
				B7679BCB2AE2389E004FE586 /* DashboardModel.swift */,
				B7679BCF2AE2700C004FE586 /* UpdatepatientsModel.swift */,
				092D4D602AE9111600CA7692 /* AddPati_Model.swift */,
				09BA40F72B067D2B0030ACC2 /* DeletePatientModel.swift */,
				091E9C742AE97A1A0063A282 /* ViewPateintDetailsModel.swift */,
				B71EA9382AEA222D0019D5ED /* PatientInfoModel.swift */,
				B71EA93A2AEA3D3B0019D5ED /* DoctorProfileModel.swift */,
				09B93C6F2AEF5452002CE263 /* QuestionModel.swift */,
				09664F9C2AF0D2340014C994 /* ResultModel.swift */,
				09B5FBAD2B0DC581003BCA08 /* Question4Model.swift */,
				09B5FBAF2B0E5FA9003BCA08 /* Question5Model.swift */,
				0998EFFA2B0FAC0B00390949 /* ViewResultModel.swift */,
				09A4E2BD2B1B639E00E079A9 /* GraphModel.swift */,
				09968C2A2B1BD2A4004FFDCB /* UpdateDoctorModel.swift */,
				09A5B9062B239D6900B24A63 /* AddComment.swift */,
				094075FE2B2742850051AE8B /* trashModel.swift */,
			);
			path = Model;
			sourceTree = "<group>";
		};
/* End PBXGroup section */

/* Begin PBXNativeTarget section */
		3167867F2ACE8AFA00B9076A /* MOCA */ = {
			isa = PBXNativeTarget;
			buildConfigurationList = 316786942ACE8AFB00B9076A /* Build configuration list for PBXNativeTarget "MOCA" */;
			buildPhases = (
				42B296454283D55C9194FF81 /* [CP] Check Pods Manifest.lock */,
				3167867C2ACE8AFA00B9076A /* Sources */,
				3167867D2ACE8AFA00B9076A /* Frameworks */,
				3167867E2ACE8AFA00B9076A /* Resources */,
				EC3CB52D222469CB93CBB45D /* [CP] Embed Pods Frameworks */,
			);
			buildRules = (
			);
			dependencies = (
			);
			name = MOCA;
			productName = MOCA;
			productReference = 316786802ACE8AFA00B9076A /* MOCA.app */;
			productType = "com.apple.product-type.application";
		};
/* End PBXNativeTarget section */

/* Begin PBXProject section */
		316786782ACE8AFA00B9076A /* Project object */ = {
			isa = PBXProject;
			attributes = {
				BuildIndependentTargetsInParallel = 1;
				LastSwiftUpdateCheck = 1320;
				LastUpgradeCheck = 1320;
				TargetAttributes = {
					3167867F2ACE8AFA00B9076A = {
						CreatedOnToolsVersion = 13.2;
					};
				};
			};
			buildConfigurationList = 3167867B2ACE8AFA00B9076A /* Build configuration list for PBXProject "MOCA" */;
			compatibilityVersion = "Xcode 13.0";
			developmentRegion = en;
			hasScannedForEncodings = 0;
			knownRegions = (
				en,
				Base,
			);
			mainGroup = 316786772ACE8AFA00B9076A;
			packageReferences = (
			);
			productRefGroup = 316786812ACE8AFA00B9076A /* Products */;
			projectDirPath = "";
			projectRoot = "";
			targets = (
				3167867F2ACE8AFA00B9076A /* MOCA */,
			);
		};
/* End PBXProject section */

/* Begin PBXResourcesBuildPhase section */
		3167867E2ACE8AFA00B9076A /* Resources */ = {
			isa = PBXResourcesBuildPhase;
			buildActionMask = 2147483647;
			files = (
				316786902ACE8AFB00B9076A /* LaunchScreen.storyboard in Resources */,
				B9B15EE32BE885130073929B /* Assets.xcassets in Resources */,
				3167868B2ACE8AFA00B9076A /* Main.storyboard in Resources */,
			);
			runOnlyForDeploymentPostprocessing = 0;
		};
/* End PBXResourcesBuildPhase section */

/* Begin PBXShellScriptBuildPhase section */
		42B296454283D55C9194FF81 /* [CP] Check Pods Manifest.lock */ = {
			isa = PBXShellScriptBuildPhase;
			buildActionMask = 2147483647;
			files = (
			);
			inputFileListPaths = (
			);
			inputPaths = (
				"${PODS_PODFILE_DIR_PATH}/Podfile.lock",
				"${PODS_ROOT}/Manifest.lock",
			);
			name = "[CP] Check Pods Manifest.lock";
			outputFileListPaths = (
			);
			outputPaths = (
				"$(DERIVED_FILE_DIR)/Pods-MOCA-checkManifestLockResult.txt",
			);
			runOnlyForDeploymentPostprocessing = 0;
			shellPath = /bin/sh;
			shellScript = "diff \"${PODS_PODFILE_DIR_PATH}/Podfile.lock\" \"${PODS_ROOT}/Manifest.lock\" > /dev/null\nif [ $? != 0 ] ; then\n    # print error to STDERR\n    echo \"error: The sandbox is not in sync with the Podfile.lock. Run 'pod install' or update your CocoaPods installation.\" >&2\n    exit 1\nfi\n# This output is used by Xcode 'outputs' to avoid re-running this script phase.\necho \"SUCCESS\" > \"${SCRIPT_OUTPUT_FILE_0}\"\n";
			showEnvVarsInLog = 0;
		};
		EC3CB52D222469CB93CBB45D /* [CP] Embed Pods Frameworks */ = {
			isa = PBXShellScriptBuildPhase;
			buildActionMask = 2147483647;
			files = (
			);
			inputFileListPaths = (
				"${PODS_ROOT}/Target Support Files/Pods-MOCA/Pods-MOCA-frameworks-${CONFIGURATION}-input-files.xcfilelist",
			);
			name = "[CP] Embed Pods Frameworks";
			outputFileListPaths = (
				"${PODS_ROOT}/Target Support Files/Pods-MOCA/Pods-MOCA-frameworks-${CONFIGURATION}-output-files.xcfilelist",
			);
			runOnlyForDeploymentPostprocessing = 0;
			shellPath = /bin/sh;
			shellScript = "\"${PODS_ROOT}/Target Support Files/Pods-MOCA/Pods-MOCA-frameworks.sh\"\n";
			showEnvVarsInLog = 0;
		};
/* End PBXShellScriptBuildPhase section */

/* Begin PBXSourcesBuildPhase section */
		3167867C2ACE8AFA00B9076A /* Sources */ = {
			isa = PBXSourcesBuildPhase;
			buildActionMask = 2147483647;
			files = (
				B99F3ACF2B960845000CF894 /* t_ques_1.swift in Sources */,
				092A20322B411E5100602392 /* UserDefault.swift in Sources */,
				09D376802B1C77EE00B6F74B /* menubar.swift in Sources */,
				092A20302B411E4A00602392 /* UIActions.swift in Sources */,
				B99F3AD32B960EA6000CF894 /* t_ques_3_draw.swift in Sources */,
				091E9C772AE97ADE0063A282 /* ViewPatientDetails.swift in Sources */,
				097CF7452AEADF6800586854 /* Update_doctor.swift in Sources */,
				09968C2B2B1BD2A4004FFDCB /* UpdateDoctorModel.swift in Sources */,
				092D4D5F2AE9021A00CA7692 /* AddPateint.swift in Sources */,
				B7679BBE2AE22D2C004FE586 /* LoginModel.swift in Sources */,
				B99F3ADF2B962F35000CF894 /* t_ques_9.swift in Sources */,
				B99F3ADB2B961A79000CF894 /* t_ques_7.swift in Sources */,
				094075FF2B2742850051AE8B /* trashModel.swift in Sources */,
				B71EA9392AEA222D0019D5ED /* PatientInfoModel.swift in Sources */,
				09BD196A2B12D5B800FAF6F1 /* UpdatePatient.swift in Sources */,
				B99F3AE12B963194000CF894 /* t_ques_10.swift in Sources */,
				B99F3AD52B961432000CF894 /* t_ques_4.swift in Sources */,
				316786882ACE8AFA00B9076A /* ViewController.swift in Sources */,
				09A4E2BE2B1B639E00E079A9 /* GraphModel.swift in Sources */,
				B76803742AD7C532002CC19B /* ceil.swift in Sources */,
				09D376822B1C799100B6F74B /* SideMenuViewController.swift in Sources */,
				09B93C742AEFEB94002CE263 /* ques_4.swift in Sources */,
				317AB3CB2AD3F50600BDCABC /* ques_6.swift in Sources */,
				316786842ACE8AFA00B9076A /* AppDelegate.swift in Sources */,
				B99F3AD72B9616CE000CF894 /* t_ques_5.swift in Sources */,
				09B93C6E2AEED8F4002CE263 /* profilescell.swift in Sources */,
				091E9C752AE97A1A0063A282 /* ViewPateintDetailsModel.swift in Sources */,
				094317882AF2BFF800575CC5 /* ques_3_draw.swift in Sources */,
				317AB3D32AD3F61700BDCABC /* ques_10.swift in Sources */,
				092711532B07E91E00CF9DD2 /* AllResults.swift in Sources */,
				0998EFFB2B0FAC0B00390949 /* ViewResultModel.swift in Sources */,
				09A4E2BC2B1B621300E079A9 /* Graph.swift in Sources */,
				B99F3AE32B963539000CF894 /* LanguageVC.swift in Sources */,
				B7679BCC2AE2389E004FE586 /* DashboardModel.swift in Sources */,
				09A2AF172AF1FF93002A4036 /* ques_2_draw.swift in Sources */,
				316786982ACEA5F400B9076A /* Dashboard.swift in Sources */,
				092711552B07E9D400CF9DD2 /* ResultCell.swift in Sources */,
				B76803722AD7B934002CC19B /* cells.swift in Sources */,
				317AB3CD2AD3F57300BDCABC /* ques_7.swift in Sources */,
				317AB3CF2AD3F5B200BDCABC /* ques_8.swift in Sources */,
				B9E597B92BE7E52D00FC1EA5 /* t1.swift in Sources */,
				31756BEE2AD100B20013E3A3 /* CanvasView.swift in Sources */,
				09AC4BBB2B4C5EB8004D1574 /* mri_ImageViewVC.swift in Sources */,
				3DD4244E2AD8669200931F49 /* Patient_info.swift in Sources */,
				31756BF42AD108000013E3A3 /* Doctor_Profile.swift in Sources */,
				09B5FBAE2B0DC581003BCA08 /* Question4Model.swift in Sources */,
				B71EA93B2AEA3D3B0019D5ED /* DoctorProfileModel.swift in Sources */,
				092A202E2B411E4100602392 /* Constant.swift in Sources */,
				B99F3AD92B961942000CF894 /* t_ques_6.swift in Sources */,
				B99F3ADD2B961C5B000CF894 /* t_ques_8.swift in Sources */,
				09CD67CD2B220062000CBB07 /* All_Profiles.swift in Sources */,
				B920F3CD2B7C88FF00E8E057 /* UIView.swift in Sources */,
				317AB3D12AD3F5EA00BDCABC /* ques_9.swift in Sources */,
				092A202C2B411E3900602392 /* APIHandler.swift in Sources */,
				B7679BD02AE2700C004FE586 /* UpdatepatientsModel.swift in Sources */,
				316786862ACE8AFA00B9076A /* SceneDelegate.swift in Sources */,
				3D4247CD2AD5B37F0012D3DD /* About.swift in Sources */,
				092711512B079DC200CF9DD2 /* Results.swift in Sources */,
				317AB3C92AD3ED4B00BDCABC /* ques_5.swift in Sources */,
				31756BF02AD101A70013E3A3 /* trash1.swift in Sources */,
				092D4D612AE9111600CA7692 /* AddPati_Model.swift in Sources */,
				09A5B9072B239D6900B24A63 /* AddComment.swift in Sources */,
				3DFE02812AD2EC070012AE88 /* ques_1.swift in Sources */,
				B99F3AD12B960D07000CF894 /* t_ques_2_draw.swift in Sources */,
				09B93C702AEF5452002CE263 /* QuestionModel.swift in Sources */,
				09664F9D2AF0D2340014C994 /* ResultModel.swift in Sources */,
				3D4247CF2AD5B3AC0012D3DD /* topics.swift in Sources */,
				31756BEC2AD1008D0013E3A3 /* Line.swift in Sources */,
				317AB3C32AD3B4F300BDCABC /* ques_2.swift in Sources */,
				09B5FBB02B0E5FA9003BCA08 /* Question5Model.swift in Sources */,
				09BA40F82B067D2B0030ACC2 /* DeletePatientModel.swift in Sources */,
				092A202A2B411E2D00602392 /* BordertextField.swift in Sources */,
			);
			runOnlyForDeploymentPostprocessing = 0;
		};
/* End PBXSourcesBuildPhase section */

/* Begin PBXVariantGroup section */
		316786892ACE8AFA00B9076A /* Main.storyboard */ = {
			isa = PBXVariantGroup;
			children = (
				3167868A2ACE8AFA00B9076A /* Base */,
			);
			name = Main.storyboard;
			sourceTree = "<group>";
		};
		3167868E2ACE8AFB00B9076A /* LaunchScreen.storyboard */ = {
			isa = PBXVariantGroup;
			children = (
				3167868F2ACE8AFB00B9076A /* Base */,
			);
			name = LaunchScreen.storyboard;
			sourceTree = "<group>";
		};
/* End PBXVariantGroup section */

/* Begin XCBuildConfiguration section */
		316786922ACE8AFB00B9076A /* Debug */ = {
			isa = XCBuildConfiguration;
			buildSettings = {
				ALWAYS_SEARCH_USER_PATHS = NO;
				CLANG_ANALYZER_NONNULL = YES;
				CLANG_ANALYZER_NUMBER_OBJECT_CONVERSION = YES_AGGRESSIVE;
				CLANG_CXX_LANGUAGE_STANDARD = "gnu++17";
				CLANG_CXX_LIBRARY = "libc++";
				CLANG_ENABLE_MODULES = YES;
				CLANG_ENABLE_OBJC_ARC = YES;
				CLANG_ENABLE_OBJC_WEAK = YES;
				CLANG_WARN_BLOCK_CAPTURE_AUTORELEASING = YES;
				CLANG_WARN_BOOL_CONVERSION = YES;
				CLANG_WARN_COMMA = YES;
				CLANG_WARN_CONSTANT_CONVERSION = YES;
				CLANG_WARN_DEPRECATED_OBJC_IMPLEMENTATIONS = YES;
				CLANG_WARN_DIRECT_OBJC_ISA_USAGE = YES_ERROR;
				CLANG_WARN_DOCUMENTATION_COMMENTS = YES;
				CLANG_WARN_EMPTY_BODY = YES;
				CLANG_WARN_ENUM_CONVERSION = YES;
				CLANG_WARN_INFINITE_RECURSION = YES;
				CLANG_WARN_INT_CONVERSION = YES;
				CLANG_WARN_NON_LITERAL_NULL_CONVERSION = YES;
				CLANG_WARN_OBJC_IMPLICIT_RETAIN_SELF = YES;
				CLANG_WARN_OBJC_LITERAL_CONVERSION = YES;
				CLANG_WARN_OBJC_ROOT_CLASS = YES_ERROR;
				CLANG_WARN_QUOTED_INCLUDE_IN_FRAMEWORK_HEADER = YES;
				CLANG_WARN_RANGE_LOOP_ANALYSIS = YES;
				CLANG_WARN_STRICT_PROTOTYPES = YES;
				CLANG_WARN_SUSPICIOUS_MOVE = YES;
				CLANG_WARN_UNGUARDED_AVAILABILITY = YES_AGGRESSIVE;
				CLANG_WARN_UNREACHABLE_CODE = YES;
				CLANG_WARN__DUPLICATE_METHOD_MATCH = YES;
				COPY_PHASE_STRIP = NO;
				DEBUG_INFORMATION_FORMAT = dwarf;
				ENABLE_STRICT_OBJC_MSGSEND = YES;
				ENABLE_TESTABILITY = YES;
				GCC_C_LANGUAGE_STANDARD = gnu11;
				GCC_DYNAMIC_NO_PIC = NO;
				GCC_NO_COMMON_BLOCKS = YES;
				GCC_OPTIMIZATION_LEVEL = 0;
				GCC_PREPROCESSOR_DEFINITIONS = (
					"DEBUG=1",
					"$(inherited)",
				);
				GCC_WARN_64_TO_32_BIT_CONVERSION = YES;
				GCC_WARN_ABOUT_RETURN_TYPE = YES_ERROR;
				GCC_WARN_UNDECLARED_SELECTOR = YES;
				GCC_WARN_UNINITIALIZED_AUTOS = YES_AGGRESSIVE;
				GCC_WARN_UNUSED_FUNCTION = YES;
				GCC_WARN_UNUSED_VARIABLE = YES;
				IPHONEOS_DEPLOYMENT_TARGET = 15.2;
				MTL_ENABLE_DEBUG_INFO = INCLUDE_SOURCE;
				MTL_FAST_MATH = YES;
				ONLY_ACTIVE_ARCH = YES;
				SDKROOT = iphoneos;
				SWIFT_ACTIVE_COMPILATION_CONDITIONS = DEBUG;
				SWIFT_OPTIMIZATION_LEVEL = "-Onone";
			};
			name = Debug;
		};
		316786932ACE8AFB00B9076A /* Release */ = {
			isa = XCBuildConfiguration;
			buildSettings = {
				ALWAYS_SEARCH_USER_PATHS = NO;
				CLANG_ANALYZER_NONNULL = YES;
				CLANG_ANALYZER_NUMBER_OBJECT_CONVERSION = YES_AGGRESSIVE;
				CLANG_CXX_LANGUAGE_STANDARD = "gnu++17";
				CLANG_CXX_LIBRARY = "libc++";
				CLANG_ENABLE_MODULES = YES;
				CLANG_ENABLE_OBJC_ARC = YES;
				CLANG_ENABLE_OBJC_WEAK = YES;
				CLANG_WARN_BLOCK_CAPTURE_AUTORELEASING = YES;
				CLANG_WARN_BOOL_CONVERSION = YES;
				CLANG_WARN_COMMA = YES;
				CLANG_WARN_CONSTANT_CONVERSION = YES;
				CLANG_WARN_DEPRECATED_OBJC_IMPLEMENTATIONS = YES;
				CLANG_WARN_DIRECT_OBJC_ISA_USAGE = YES_ERROR;
				CLANG_WARN_DOCUMENTATION_COMMENTS = YES;
				CLANG_WARN_EMPTY_BODY = YES;
				CLANG_WARN_ENUM_CONVERSION = YES;
				CLANG_WARN_INFINITE_RECURSION = YES;
				CLANG_WARN_INT_CONVERSION = YES;
				CLANG_WARN_NON_LITERAL_NULL_CONVERSION = YES;
				CLANG_WARN_OBJC_IMPLICIT_RETAIN_SELF = YES;
				CLANG_WARN_OBJC_LITERAL_CONVERSION = YES;
				CLANG_WARN_OBJC_ROOT_CLASS = YES_ERROR;
				CLANG_WARN_QUOTED_INCLUDE_IN_FRAMEWORK_HEADER = YES;
				CLANG_WARN_RANGE_LOOP_ANALYSIS = YES;
				CLANG_WARN_STRICT_PROTOTYPES = YES;
				CLANG_WARN_SUSPICIOUS_MOVE = YES;
				CLANG_WARN_UNGUARDED_AVAILABILITY = YES_AGGRESSIVE;
				CLANG_WARN_UNREACHABLE_CODE = YES;
				CLANG_WARN__DUPLICATE_METHOD_MATCH = YES;
				COPY_PHASE_STRIP = NO;
				DEBUG_INFORMATION_FORMAT = "dwarf-with-dsym";
				ENABLE_NS_ASSERTIONS = NO;
				ENABLE_STRICT_OBJC_MSGSEND = YES;
				GCC_C_LANGUAGE_STANDARD = gnu11;
				GCC_NO_COMMON_BLOCKS = YES;
				GCC_WARN_64_TO_32_BIT_CONVERSION = YES;
				GCC_WARN_ABOUT_RETURN_TYPE = YES_ERROR;
				GCC_WARN_UNDECLARED_SELECTOR = YES;
				GCC_WARN_UNINITIALIZED_AUTOS = YES_AGGRESSIVE;
				GCC_WARN_UNUSED_FUNCTION = YES;
				GCC_WARN_UNUSED_VARIABLE = YES;
				IPHONEOS_DEPLOYMENT_TARGET = 15.2;
				MTL_ENABLE_DEBUG_INFO = NO;
				MTL_FAST_MATH = YES;
				SDKROOT = iphoneos;
				SWIFT_COMPILATION_MODE = wholemodule;
				SWIFT_OPTIMIZATION_LEVEL = "-O";
				VALIDATE_PRODUCT = YES;
			};
			name = Release;
		};
		316786952ACE8AFB00B9076A /* Debug */ = {
			isa = XCBuildConfiguration;
			baseConfigurationReference = C5F54AF3F9A8A5AA30F1F6C4 /* Pods-MOCA.debug.xcconfig */;
			buildSettings = {
				ASSETCATALOG_COMPILER_APPICON_NAME = AppIcon;
				ASSETCATALOG_COMPILER_GLOBAL_ACCENT_COLOR_NAME = AccentColor;
				CODE_SIGN_STYLE = Automatic;
				CURRENT_PROJECT_VERSION = 1;
				DEVELOPMENT_TEAM = L6F78AJ8NK;
				GENERATE_INFOPLIST_FILE = YES;
				INFOPLIST_FILE = MOCA/Info.plist;
				INFOPLIST_KEY_NSCameraUsageDescription = "$(PRODUCT_NAME) Need Camera Access to Take Patient and Doctor photo";
				INFOPLIST_KEY_UIApplicationSupportsIndirectInputEvents = YES;
				INFOPLIST_KEY_UILaunchStoryboardName = LaunchScreen;
				INFOPLIST_KEY_UIMainStoryboardFile = Main;
				INFOPLIST_KEY_UISupportedInterfaceOrientations_iPad = "UIInterfaceOrientationPortrait UIInterfaceOrientationPortraitUpsideDown UIInterfaceOrientationLandscapeLeft UIInterfaceOrientationLandscapeRight";
				INFOPLIST_KEY_UISupportedInterfaceOrientations_iPhone = "UIInterfaceOrientationPortrait UIInterfaceOrientationLandscapeLeft UIInterfaceOrientationLandscapeRight";
				LD_RUNPATH_SEARCH_PATHS = (
					"$(inherited)",
					"@executable_path/Frameworks",
				);
				MARKETING_VERSION = 1.0;
				PRODUCT_BUNDLE_IDENTIFIER = com.saveetha.MOCA;
				PRODUCT_NAME = "$(TARGET_NAME)";
				SWIFT_EMIT_LOC_STRINGS = YES;
				SWIFT_VERSION = 5.0;
				TARGETED_DEVICE_FAMILY = "1,2";
			};
			name = Debug;
		};
		316786962ACE8AFB00B9076A /* Release */ = {
			isa = XCBuildConfiguration;
			baseConfigurationReference = CBD8869DB78008AE0EC122B2 /* Pods-MOCA.release.xcconfig */;
			buildSettings = {
				ASSETCATALOG_COMPILER_APPICON_NAME = AppIcon;
				ASSETCATALOG_COMPILER_GLOBAL_ACCENT_COLOR_NAME = AccentColor;
				CODE_SIGN_STYLE = Automatic;
				CURRENT_PROJECT_VERSION = 1;
				DEVELOPMENT_TEAM = L6F78AJ8NK;
				GENERATE_INFOPLIST_FILE = YES;
				INFOPLIST_FILE = MOCA/Info.plist;
				INFOPLIST_KEY_NSCameraUsageDescription = "$(PRODUCT_NAME) Need Camera Access to Take Patient and Doctor photo";
				INFOPLIST_KEY_UIApplicationSupportsIndirectInputEvents = YES;
				INFOPLIST_KEY_UILaunchStoryboardName = LaunchScreen;
				INFOPLIST_KEY_UIMainStoryboardFile = Main;
				INFOPLIST_KEY_UISupportedInterfaceOrientations_iPad = "UIInterfaceOrientationPortrait UIInterfaceOrientationPortraitUpsideDown UIInterfaceOrientationLandscapeLeft UIInterfaceOrientationLandscapeRight";
				INFOPLIST_KEY_UISupportedInterfaceOrientations_iPhone = "UIInterfaceOrientationPortrait UIInterfaceOrientationLandscapeLeft UIInterfaceOrientationLandscapeRight";
				LD_RUNPATH_SEARCH_PATHS = (
					"$(inherited)",
					"@executable_path/Frameworks",
				);
				MARKETING_VERSION = 1.0;
				PRODUCT_BUNDLE_IDENTIFIER = com.saveetha.MOCA;
				PRODUCT_NAME = "$(TARGET_NAME)";
				SWIFT_EMIT_LOC_STRINGS = YES;
				SWIFT_VERSION = 5.0;
				TARGETED_DEVICE_FAMILY = "1,2";
			};
			name = Release;
		};
/* End XCBuildConfiguration section */

/* Begin XCConfigurationList section */
		3167867B2ACE8AFA00B9076A /* Build configuration list for PBXProject "MOCA" */ = {
			isa = XCConfigurationList;
			buildConfigurations = (
				316786922ACE8AFB00B9076A /* Debug */,
				316786932ACE8AFB00B9076A /* Release */,
			);
			defaultConfigurationIsVisible = 0;
			defaultConfigurationName = Release;
		};
		316786942ACE8AFB00B9076A /* Build configuration list for PBXNativeTarget "MOCA" */ = {
			isa = XCConfigurationList;
			buildConfigurations = (
				316786952ACE8AFB00B9076A /* Debug */,
				316786962ACE8AFB00B9076A /* Release */,
			);
			defaultConfigurationIsVisible = 0;
			defaultConfigurationName = Release;
		};
/* End XCConfigurationList section */
	};
	rootObject = 316786782ACE8AFA00B9076A /* Project object */;
}
